
Microsoft Visual Studio Solution File, Format Version 12.00
# Visual Studio 15
VisualStudioVersion = 15.0.26430.16
MinimumVisualStudioVersion = 10.0.40219.1
Project("{8BC9CEB8-8B4A-11D0-8D11-00A0C91BC942}") = "domesA2BSTDict", "domesA2BSTDict\domesA2BSTDict.vcxproj", "{FCCDF20A-9489-4EE1-9085-7141D2CC77B8}"
EndProject
Global
	GlobalSection(SolutionConfigurationPlatforms) = preSolution
		Debug|x64 = Debug|x64
		Debug|x86 = Debug|x86
		Release|x64 = Release|x64
		Release|x86 = Release|x86
	EndGlobalSection
	GlobalSection(ProjectConfigurationPlatforms) = postSolution
		{FCCDF20A-9489-4EE1-9085-7141D2CC77B8}.Debug|x64.ActiveCfg = Debug|x64
		{FCCDF20A-9489-4EE1-9085-7141D2CC77B8}.Debug|x64.Build.0 = Debug|x64
		{FCCDF20A-9489-4EE1-9085-7141D2CC77B8}.Debug|x86.ActiveCfg = Debug|Win32
		{FCCDF20A-9489-4EE1-9085-7141D2CC77B8}.Debug|x86.Build.0 = Debug|Win32
		{FCCDF20A-9489-4EE1-9085-7141D2CC77B8}.Release|x64.ActiveCfg = Release|x64
		{FCCDF20A-9489-4EE1-9085-7141D2CC77B8}.Release|x64.Build.0 = Release|x64
		{FCCDF20A-9489-4EE1-9085-7141D2CC77B8}.Release|x86.ActiveCfg = Release|Win32
		{FCCDF20A-9489-4EE1-9085-7141D2CC77B8}.Release|x86.Build.0 = Release|Win32
	EndGlobalSection
	GlobalSection(SolutionProperties) = preSolution
		HideSolutionNode = FALSE
	EndGlobalSection
EndGlobal
